
Microsoft Visual Studio Solution File, Format Version 12.00
# Visual Studio Version 17
VisualStudioVersion = 17.14.36811.4 d17.14
MinimumVisualStudioVersion = 10.0.40219.1
Project("{FAE04EC0-301F-11D3-BF4B-00C04F79EFBC}") = "Lab5", "Lab5\Lab5.csproj", "{B7325B0F-82C5-4936-B328-9322E94EB992}"
EndProject
Global
	GlobalSection(SolutionConfigurationPlatforms) = preSolution
		Debug|Any CPU = Debug|Any CPU
		Release|Any CPU = Release|Any CPU
	EndGlobalSection
	GlobalSection(ProjectConfigurationPlatforms) = postSolution
		{B7325B0F-82C5-4936-B328-9322E94EB992}.Debug|Any CPU.ActiveCfg = Debug|Any CPU
		{B7325B0F-82C5-4936-B328-9322E94EB992}.Debug|Any CPU.Build.0 = Debug|Any CPU
		{B7325B0F-82C5-4936-B328-9322E94EB992}.Release|Any CPU.ActiveCfg = Release|Any CPU
		{B7325B0F-82C5-4936-B328-9322E94EB992}.Release|Any CPU.Build.0 = Release|Any CPU
	EndGlobalSection
	GlobalSection(SolutionProperties) = preSolution
		HideSolutionNode = FALSE
	EndGlobalSection
	GlobalSection(ExtensibilityGlobals) = postSolution
		SolutionGuid = {691E8DFE-6AFE-41F4-AAF2-F144442D32C0}
	EndGlobalSection
EndGlobal
