
Microsoft Visual Studio Solution File, Format Version 12.00
# Visual Studio Version 17
VisualStudioVersion = 17.14.36811.4 d17.14
MinimumVisualStudioVersion = 10.0.40219.1
Project("{FAE04EC0-301F-11D3-BF4B-00C04F79EFBC}") = "Seminar2", "Seminar2\Seminar2.csproj", "{77CA3BD2-3C9B-498E-871C-B53E0D1F966D}"
EndProject
Global
	GlobalSection(SolutionConfigurationPlatforms) = preSolution
		Debug|Any CPU = Debug|Any CPU
		Release|Any CPU = Release|Any CPU
	EndGlobalSection
	GlobalSection(ProjectConfigurationPlatforms) = postSolution
		{77CA3BD2-3C9B-498E-871C-B53E0D1F966D}.Debug|Any CPU.ActiveCfg = Debug|Any CPU
		{77CA3BD2-3C9B-498E-871C-B53E0D1F966D}.Debug|Any CPU.Build.0 = Debug|Any CPU
		{77CA3BD2-3C9B-498E-871C-B53E0D1F966D}.Release|Any CPU.ActiveCfg = Release|Any CPU
		{77CA3BD2-3C9B-498E-871C-B53E0D1F966D}.Release|Any CPU.Build.0 = Release|Any CPU
	EndGlobalSection
	GlobalSection(SolutionProperties) = preSolution
		HideSolutionNode = FALSE
	EndGlobalSection
	GlobalSection(ExtensibilityGlobals) = postSolution
		SolutionGuid = {41C271F8-5345-4B9D-9353-AB61CC7A773B}
	EndGlobalSection
EndGlobal
