
Microsoft Visual Studio Solution File, Format Version 12.00
# Visual Studio Version 17
VisualStudioVersion = 17.14.36811.4 d17.14
MinimumVisualStudioVersion = 10.0.40219.1
Project("{FAE04EC0-301F-11D3-BF4B-00C04F79EFBC}") = "Laborator3", "Laborator3\Laborator3.csproj", "{9E92EC63-38F1-493A-8715-57A119308B33}"
EndProject
Global
	GlobalSection(SolutionConfigurationPlatforms) = preSolution
		Debug|Any CPU = Debug|Any CPU
		Release|Any CPU = Release|Any CPU
	EndGlobalSection
	GlobalSection(ProjectConfigurationPlatforms) = postSolution
		{9E92EC63-38F1-493A-8715-57A119308B33}.Debug|Any CPU.ActiveCfg = Debug|Any CPU
		{9E92EC63-38F1-493A-8715-57A119308B33}.Debug|Any CPU.Build.0 = Debug|Any CPU
		{9E92EC63-38F1-493A-8715-57A119308B33}.Release|Any CPU.ActiveCfg = Release|Any CPU
		{9E92EC63-38F1-493A-8715-57A119308B33}.Release|Any CPU.Build.0 = Release|Any CPU
	EndGlobalSection
	GlobalSection(SolutionProperties) = preSolution
		HideSolutionNode = FALSE
	EndGlobalSection
	GlobalSection(ExtensibilityGlobals) = postSolution
		SolutionGuid = {FE555780-C2B2-41CE-90C5-485EE3A5976E}
	EndGlobalSection
EndGlobal
