
Microsoft Visual Studio Solution File, Format Version 12.00
# Visual Studio Version 17
VisualStudioVersion = 17.14.36811.4 d17.14
MinimumVisualStudioVersion = 10.0.40219.1
Project("{FAE04EC0-301F-11D3-BF4B-00C04F79EFBC}") = "Seminar4", "Seminar4\Seminar4.csproj", "{23CE0F4F-2402-46DA-A368-24587FE9500A}"
EndProject
Global
	GlobalSection(SolutionConfigurationPlatforms) = preSolution
		Debug|Any CPU = Debug|Any CPU
		Release|Any CPU = Release|Any CPU
	EndGlobalSection
	GlobalSection(ProjectConfigurationPlatforms) = postSolution
		{23CE0F4F-2402-46DA-A368-24587FE9500A}.Debug|Any CPU.ActiveCfg = Debug|Any CPU
		{23CE0F4F-2402-46DA-A368-24587FE9500A}.Debug|Any CPU.Build.0 = Debug|Any CPU
		{23CE0F4F-2402-46DA-A368-24587FE9500A}.Release|Any CPU.ActiveCfg = Release|Any CPU
		{23CE0F4F-2402-46DA-A368-24587FE9500A}.Release|Any CPU.Build.0 = Release|Any CPU
	EndGlobalSection
	GlobalSection(SolutionProperties) = preSolution
		HideSolutionNode = FALSE
	EndGlobalSection
	GlobalSection(ExtensibilityGlobals) = postSolution
		SolutionGuid = {E2B3656C-4F0F-4D80-B6C7-7FA7FD3EA37C}
	EndGlobalSection
EndGlobal
