
Microsoft Visual Studio Solution File, Format Version 12.00
# Visual Studio Version 17
VisualStudioVersion = 17.14.36811.4 d17.14
MinimumVisualStudioVersion = 10.0.40219.1
Project("{FAE04EC0-301F-11D3-BF4B-00C04F79EFBC}") = "Seminar6", "Seminar6\Seminar6.csproj", "{5A6F0D1B-6292-4EAB-8846-CE628C61C793}"
EndProject
Global
	GlobalSection(SolutionConfigurationPlatforms) = preSolution
		Debug|Any CPU = Debug|Any CPU
		Release|Any CPU = Release|Any CPU
	EndGlobalSection
	GlobalSection(ProjectConfigurationPlatforms) = postSolution
		{5A6F0D1B-6292-4EAB-8846-CE628C61C793}.Debug|Any CPU.ActiveCfg = Debug|Any CPU
		{5A6F0D1B-6292-4EAB-8846-CE628C61C793}.Debug|Any CPU.Build.0 = Debug|Any CPU
		{5A6F0D1B-6292-4EAB-8846-CE628C61C793}.Release|Any CPU.ActiveCfg = Release|Any CPU
		{5A6F0D1B-6292-4EAB-8846-CE628C61C793}.Release|Any CPU.Build.0 = Release|Any CPU
	EndGlobalSection
	GlobalSection(SolutionProperties) = preSolution
		HideSolutionNode = FALSE
	EndGlobalSection
	GlobalSection(ExtensibilityGlobals) = postSolution
		SolutionGuid = {27ADD96C-CE53-45D8-AC80-975A33915D83}
	EndGlobalSection
EndGlobal
