
Microsoft Visual Studio Solution File, Format Version 12.00
# Visual Studio Version 17
VisualStudioVersion = 17.14.36811.4 d17.14
MinimumVisualStudioVersion = 10.0.40219.1
Project("{FAE04EC0-301F-11D3-BF4B-00C04F79EFBC}") = "Seminar3", "Seminar3\Seminar3.csproj", "{750A0204-8D1F-44C9-A693-D44CE3DA0F2C}"
EndProject
Global
	GlobalSection(SolutionConfigurationPlatforms) = preSolution
		Debug|Any CPU = Debug|Any CPU
		Release|Any CPU = Release|Any CPU
	EndGlobalSection
	GlobalSection(ProjectConfigurationPlatforms) = postSolution
		{750A0204-8D1F-44C9-A693-D44CE3DA0F2C}.Debug|Any CPU.ActiveCfg = Debug|Any CPU
		{750A0204-8D1F-44C9-A693-D44CE3DA0F2C}.Debug|Any CPU.Build.0 = Debug|Any CPU
		{750A0204-8D1F-44C9-A693-D44CE3DA0F2C}.Release|Any CPU.ActiveCfg = Release|Any CPU
		{750A0204-8D1F-44C9-A693-D44CE3DA0F2C}.Release|Any CPU.Build.0 = Release|Any CPU
	EndGlobalSection
	GlobalSection(SolutionProperties) = preSolution
		HideSolutionNode = FALSE
	EndGlobalSection
	GlobalSection(ExtensibilityGlobals) = postSolution
		SolutionGuid = {C7FB93BB-5C19-49DE-995A-DBAEBFFB737E}
	EndGlobalSection
EndGlobal
