
Microsoft Visual Studio Solution File, Format Version 12.00
# Visual Studio Version 17
VisualStudioVersion = 17.13.35919.96 d17.13
MinimumVisualStudioVersion = 10.0.40219.1
Project("{FAE04EC0-301F-11D3-BF4B-00C04F79EFBC}") = "ParcurgereMatrici", "ParcurgereMatrici\ParcurgereMatrici.csproj", "{B5E39069-4667-4352-8A4E-43C40AC67DF6}"
EndProject
Global
	GlobalSection(SolutionConfigurationPlatforms) = preSolution
		Debug|Any CPU = Debug|Any CPU
		Release|Any CPU = Release|Any CPU
	EndGlobalSection
	GlobalSection(ProjectConfigurationPlatforms) = postSolution
		{B5E39069-4667-4352-8A4E-43C40AC67DF6}.Debug|Any CPU.ActiveCfg = Debug|Any CPU
		{B5E39069-4667-4352-8A4E-43C40AC67DF6}.Debug|Any CPU.Build.0 = Debug|Any CPU
		{B5E39069-4667-4352-8A4E-43C40AC67DF6}.Release|Any CPU.ActiveCfg = Release|Any CPU
		{B5E39069-4667-4352-8A4E-43C40AC67DF6}.Release|Any CPU.Build.0 = Release|Any CPU
	EndGlobalSection
	GlobalSection(SolutionProperties) = preSolution
		HideSolutionNode = FALSE
	EndGlobalSection
	GlobalSection(ExtensibilityGlobals) = postSolution
		SolutionGuid = {B42390B5-E6B5-445C-8495-B9EFE4F48D84}
	EndGlobalSection
EndGlobal
