
Microsoft Visual Studio Solution File, Format Version 12.00
# Visual Studio Version 17
VisualStudioVersion = 17.14.36811.4 d17.14
MinimumVisualStudioVersion = 10.0.40219.1
Project("{FAE04EC0-301F-11D3-BF4B-00C04F79EFBC}") = "Seminar9", "Seminar9\Seminar9.csproj", "{C669D9B0-027A-4143-9B97-847F0DA73657}"
EndProject
Global
	GlobalSection(SolutionConfigurationPlatforms) = preSolution
		Debug|Any CPU = Debug|Any CPU
		Release|Any CPU = Release|Any CPU
	EndGlobalSection
	GlobalSection(ProjectConfigurationPlatforms) = postSolution
		{C669D9B0-027A-4143-9B97-847F0DA73657}.Debug|Any CPU.ActiveCfg = Debug|Any CPU
		{C669D9B0-027A-4143-9B97-847F0DA73657}.Debug|Any CPU.Build.0 = Debug|Any CPU
		{C669D9B0-027A-4143-9B97-847F0DA73657}.Release|Any CPU.ActiveCfg = Release|Any CPU
		{C669D9B0-027A-4143-9B97-847F0DA73657}.Release|Any CPU.Build.0 = Release|Any CPU
	EndGlobalSection
	GlobalSection(SolutionProperties) = preSolution
		HideSolutionNode = FALSE
	EndGlobalSection
	GlobalSection(ExtensibilityGlobals) = postSolution
		SolutionGuid = {9EFA2DF6-4410-49A2-8E57-948D52D16D60}
	EndGlobalSection
EndGlobal
