
Microsoft Visual Studio Solution File, Format Version 12.00
# Visual Studio Version 17
VisualStudioVersion = 17.14.36811.4 d17.14
MinimumVisualStudioVersion = 10.0.40219.1
Project("{FAE04EC0-301F-11D3-BF4B-00C04F79EFBC}") = "Seminar7", "Seminar7\Seminar7.csproj", "{C34F1456-4959-4ECB-BD8D-6B2AF1F49BCE}"
EndProject
Global
	GlobalSection(SolutionConfigurationPlatforms) = preSolution
		Debug|Any CPU = Debug|Any CPU
		Release|Any CPU = Release|Any CPU
	EndGlobalSection
	GlobalSection(ProjectConfigurationPlatforms) = postSolution
		{C34F1456-4959-4ECB-BD8D-6B2AF1F49BCE}.Debug|Any CPU.ActiveCfg = Debug|Any CPU
		{C34F1456-4959-4ECB-BD8D-6B2AF1F49BCE}.Debug|Any CPU.Build.0 = Debug|Any CPU
		{C34F1456-4959-4ECB-BD8D-6B2AF1F49BCE}.Release|Any CPU.ActiveCfg = Release|Any CPU
		{C34F1456-4959-4ECB-BD8D-6B2AF1F49BCE}.Release|Any CPU.Build.0 = Release|Any CPU
	EndGlobalSection
	GlobalSection(SolutionProperties) = preSolution
		HideSolutionNode = FALSE
	EndGlobalSection
	GlobalSection(ExtensibilityGlobals) = postSolution
		SolutionGuid = {DE14BCFC-72B6-4DB6-A853-1581DA2679E5}
	EndGlobalSection
EndGlobal
